
Microsoft Visual Studio Solution File, Format Version 12.00
# Visual Studio Version 17
VisualStudioVersion = 17.6.33829.357
MinimumVisualStudioVersion = 10.0.40219.1
Project("{FAE04EC0-301F-11D3-BF4B-00C04F79EFBC}") = "tarea2", "tarea2.csproj", "{2856C59C-A6EA-4C41-A05C-00CABA25BF29}"
EndProject
Global
	GlobalSection(SolutionConfigurationPlatforms) = preSolution
		Debug|Any CPU = Debug|Any CPU
		Release|Any CPU = Release|Any CPU
	EndGlobalSection
	GlobalSection(ProjectConfigurationPlatforms) = postSolution
		{2856C59C-A6EA-4C41-A05C-00CABA25BF29}.Debug|Any CPU.ActiveCfg = Debug|Any CPU
		{2856C59C-A6EA-4C41-A05C-00CABA25BF29}.Debug|Any CPU.Build.0 = Debug|Any CPU
		{2856C59C-A6EA-4C41-A05C-00CABA25BF29}.Release|Any CPU.ActiveCfg = Release|Any CPU
		{2856C59C-A6EA-4C41-A05C-00CABA25BF29}.Release|Any CPU.Build.0 = Release|Any CPU
	EndGlobalSection
	GlobalSection(SolutionProperties) = preSolution
		HideSolutionNode = FALSE
	EndGlobalSection
	GlobalSection(ExtensibilityGlobals) = postSolution
		SolutionGuid = {38762A57-DA12-4EFE-801F-19B85BD06F50}
	EndGlobalSection
EndGlobal
